
Microsoft Visual Studio Solution File, Format Version 12.00
# Visual Studio Version 17
VisualStudioVersion = 17.8.34511.84
MinimumVisualStudioVersion = 10.0.40219.1
Project("{FAE04EC0-301F-11D3-BF4B-00C04F79EFBC}") = "FileProcessingArchitecture", "FileProcessingArchitecture\FileProcessingArchitecture.csproj", "{FEC56464-3426-46D6-8AA7-6A8996577FF7}"
EndProject
Global
	GlobalSection(SolutionConfigurationPlatforms) = preSolution
		Debug|Any CPU = Debug|Any CPU
		Release|Any CPU = Release|Any CPU
	EndGlobalSection
	GlobalSection(ProjectConfigurationPlatforms) = postSolution
		{FEC56464-3426-46D6-8AA7-6A8996577FF7}.Debug|Any CPU.ActiveCfg = Debug|Any CPU
		{FEC56464-3426-46D6-8AA7-6A8996577FF7}.Debug|Any CPU.Build.0 = Debug|Any CPU
		{FEC56464-3426-46D6-8AA7-6A8996577FF7}.Release|Any CPU.ActiveCfg = Release|Any CPU
		{FEC56464-3426-46D6-8AA7-6A8996577FF7}.Release|Any CPU.Build.0 = Release|Any CPU
	EndGlobalSection
	GlobalSection(SolutionProperties) = preSolution
		HideSolutionNode = FALSE
	EndGlobalSection
	GlobalSection(ExtensibilityGlobals) = postSolution
		SolutionGuid = {A98E6016-A6DC-46F0-813F-5F3A34FA654C}
	EndGlobalSection
EndGlobal
